
Microsoft Visual Studio Solution File, Format Version 12.00
# Visual Studio 14
VisualStudioVersion = 14.0.25420.1
MinimumVisualStudioVersion = 10.0.40219.1
Project("{FAE04EC0-301F-11D3-BF4B-00C04F79EFBC}") = "BSCrossPlatform.Droid", "BSCrossPlatform\BSCrossPlatform.Droid\BSCrossPlatform.Droid.csproj", "{60C32E33-AFFC-40DC-9868-258CB81FF986}"
EndProject
Project("{FAE04EC0-301F-11D3-BF4B-00C04F79EFBC}") = "BSCrossPlatform.iOS", "BSCrossPlatform\BSCrossPlatform.iOS\BSCrossPlatform.iOS.csproj", "{EFADD8D8-1B7C-4D24-8436-E4EE1A191DA8}"
EndProject
Project("{FAE04EC0-301F-11D3-BF4B-00C04F79EFBC}") = "BSCrossPlatform.WinPhone", "BSCrossPlatform\BSCrossPlatform.WinPhone\BSCrossPlatform.WinPhone.csproj", "{A692CF47-49AB-4054-BA17-8C2CF17F4949}"
EndProject
Project("{FAE04EC0-301F-11D3-BF4B-00C04F79EFBC}") = "BSCrossPlatform.UWP", "BSCrossPlatform\BSCrossPlatform.UWP\BSCrossPlatform.UWP.csproj", "{9147187C-204B-4A5A-8585-0CE7B430245F}"
EndProject
Project("{FAE04EC0-301F-11D3-BF4B-00C04F79EFBC}") = "BSCrossPlatform.Windows", "BSCrossPlatform\BSCrossPlatform.Windows\BSCrossPlatform.Windows.csproj", "{D21AA33E-6310-4BB0-8A98-F0C9D277D44F}"
EndProject
Project("{FAE04EC0-301F-11D3-BF4B-00C04F79EFBC}") = "BSCrossPlatform", "BSCrossPlatform\BSCrossPlatform\BSCrossPlatform.csproj", "{06FB4E56-1821-4B09-B0C0-B6F2977B8E2D}"
EndProject
Global
	GlobalSection(SolutionConfigurationPlatforms) = preSolution
		Ad-Hoc|Any CPU = Ad-Hoc|Any CPU
		Ad-Hoc|ARM = Ad-Hoc|ARM
		Ad-Hoc|iPhone = Ad-Hoc|iPhone
		Ad-Hoc|iPhoneSimulator = Ad-Hoc|iPhoneSimulator
		Ad-Hoc|x64 = Ad-Hoc|x64
		Ad-Hoc|x86 = Ad-Hoc|x86
		AppStore|Any CPU = AppStore|Any CPU
		AppStore|ARM = AppStore|ARM
		AppStore|iPhone = AppStore|iPhone
		AppStore|iPhoneSimulator = AppStore|iPhoneSimulator
		AppStore|x64 = AppStore|x64
		AppStore|x86 = AppStore|x86
		Debug|Any CPU = Debug|Any CPU
		Debug|ARM = Debug|ARM
		Debug|iPhone = Debug|iPhone
		Debug|iPhoneSimulator = Debug|iPhoneSimulator
		Debug|x64 = Debug|x64
		Debug|x86 = Debug|x86
		Release|Any CPU = Release|Any CPU
		Release|ARM = Release|ARM
		Release|iPhone = Release|iPhone
		Release|iPhoneSimulator = Release|iPhoneSimulator
		Release|x64 = Release|x64
		Release|x86 = Release|x86
	EndGlobalSection
	GlobalSection(ProjectConfigurationPlatforms) = postSolution
		{60C32E33-AFFC-40DC-9868-258CB81FF986}.Ad-Hoc|Any CPU.ActiveCfg = Release|Any CPU
		{60C32E33-AFFC-40DC-9868-258CB81FF986}.Ad-Hoc|Any CPU.Build.0 = Release|Any CPU
		{60C32E33-AFFC-40DC-9868-258CB81FF986}.Ad-Hoc|Any CPU.Deploy.0 = Release|Any CPU
		{60C32E33-AFFC-40DC-9868-258CB81FF986}.Ad-Hoc|ARM.ActiveCfg = Release|Any CPU
		{60C32E33-AFFC-40DC-9868-258CB81FF986}.Ad-Hoc|ARM.Build.0 = Release|Any CPU
		{60C32E33-AFFC-40DC-9868-258CB81FF986}.Ad-Hoc|ARM.Deploy.0 = Release|Any CPU
		{60C32E33-AFFC-40DC-9868-258CB81FF986}.Ad-Hoc|iPhone.ActiveCfg = Release|Any CPU
		{60C32E33-AFFC-40DC-9868-258CB81FF986}.Ad-Hoc|iPhone.Build.0 = Release|Any CPU
		{60C32E33-AFFC-40DC-9868-258CB81FF986}.Ad-Hoc|iPhone.Deploy.0 = Release|Any CPU
		{60C32E33-AFFC-40DC-9868-258CB81FF986}.Ad-Hoc|iPhoneSimulator.ActiveCfg = Release|Any CPU
		{60C32E33-AFFC-40DC-9868-258CB81FF986}.Ad-Hoc|iPhoneSimulator.Build.0 = Release|Any CPU
		{60C32E33-AFFC-40DC-9868-258CB81FF986}.Ad-Hoc|iPhoneSimulator.Deploy.0 = Release|Any CPU
		{60C32E33-AFFC-40DC-9868-258CB81FF986}.Ad-Hoc|x64.ActiveCfg = Release|Any CPU
		{60C32E33-AFFC-40DC-9868-258CB81FF986}.Ad-Hoc|x64.Build.0 = Release|Any CPU
		{60C32E33-AFFC-40DC-9868-258CB81FF986}.Ad-Hoc|x64.Deploy.0 = Release|Any CPU
		{60C32E33-AFFC-40DC-9868-258CB81FF986}.Ad-Hoc|x86.ActiveCfg = Release|Any CPU
		{60C32E33-AFFC-40DC-9868-258CB81FF986}.Ad-Hoc|x86.Build.0 = Release|Any CPU
		{60C32E33-AFFC-40DC-9868-258CB81FF986}.Ad-Hoc|x86.Deploy.0 = Release|Any CPU
		{60C32E33-AFFC-40DC-9868-258CB81FF986}.AppStore|Any CPU.ActiveCfg = Release|Any CPU
		{60C32E33-AFFC-40DC-9868-258CB81FF986}.AppStore|Any CPU.Build.0 = Release|Any CPU
		{60C32E33-AFFC-40DC-9868-258CB81FF986}.AppStore|Any CPU.Deploy.0 = Release|Any CPU
		{60C32E33-AFFC-40DC-9868-258CB81FF986}.AppStore|ARM.ActiveCfg = Release|Any CPU
		{60C32E33-AFFC-40DC-9868-258CB81FF986}.AppStore|ARM.Build.0 = Release|Any CPU
		{60C32E33-AFFC-40DC-9868-258CB81FF986}.AppStore|ARM.Deploy.0 = Release|Any CPU
		{60C32E33-AFFC-40DC-9868-258CB81FF986}.AppStore|iPhone.ActiveCfg = Release|Any CPU
		{60C32E33-AFFC-40DC-9868-258CB81FF986}.AppStore|iPhone.Build.0 = Release|Any CPU
		{60C32E33-AFFC-40DC-9868-258CB81FF986}.AppStore|iPhone.Deploy.0 = Release|Any CPU
		{60C32E33-AFFC-40DC-9868-258CB81FF986}.AppStore|iPhoneSimulator.ActiveCfg = Release|Any CPU
		{60C32E33-AFFC-40DC-9868-258CB81FF986}.AppStore|iPhoneSimulator.Build.0 = Release|Any CPU
		{60C32E33-AFFC-40DC-9868-258CB81FF986}.AppStore|iPhoneSimulator.Deploy.0 = Release|Any CPU
		{60C32E33-AFFC-40DC-9868-258CB81FF986}.AppStore|x64.ActiveCfg = Release|Any CPU
		{60C32E33-AFFC-40DC-9868-258CB81FF986}.AppStore|x64.Build.0 = Release|Any CPU
		{60C32E33-AFFC-40DC-9868-258CB81FF986}.AppStore|x64.Deploy.0 = Release|Any CPU
		{60C32E33-AFFC-40DC-9868-258CB81FF986}.AppStore|x86.ActiveCfg = Release|Any CPU
		{60C32E33-AFFC-40DC-9868-258CB81FF986}.AppStore|x86.Build.0 = Release|Any CPU
		{60C32E33-AFFC-40DC-9868-258CB81FF986}.AppStore|x86.Deploy.0 = Release|Any CPU
		{60C32E33-AFFC-40DC-9868-258CB81FF986}.Debug|Any CPU.ActiveCfg = Debug|Any CPU
		{60C32E33-AFFC-40DC-9868-258CB81FF986}.Debug|Any CPU.Build.0 = Debug|Any CPU
		{60C32E33-AFFC-40DC-9868-258CB81FF986}.Debug|Any CPU.Deploy.0 = Debug|Any CPU
		{60C32E33-AFFC-40DC-9868-258CB81FF986}.Debug|ARM.ActiveCfg = Debug|Any CPU
		{60C32E33-AFFC-40DC-9868-258CB81FF986}.Debug|ARM.Build.0 = Debug|Any CPU
		{60C32E33-AFFC-40DC-9868-258CB81FF986}.Debug|ARM.Deploy.0 = Debug|Any CPU
		{60C32E33-AFFC-40DC-9868-258CB81FF986}.Debug|iPhone.ActiveCfg = Debug|Any CPU
		{60C32E33-AFFC-40DC-9868-258CB81FF986}.Debug|iPhone.Build.0 = Debug|Any CPU
		{60C32E33-AFFC-40DC-9868-258CB81FF986}.Debug|iPhone.Deploy.0 = Debug|Any CPU
		{60C32E33-AFFC-40DC-9868-258CB81FF986}.Debug|iPhoneSimulator.ActiveCfg = Debug|Any CPU
		{60C32E33-AFFC-40DC-9868-258CB81FF986}.Debug|iPhoneSimulator.Build.0 = Debug|Any CPU
		{60C32E33-AFFC-40DC-9868-258CB81FF986}.Debug|iPhoneSimulator.Deploy.0 = Debug|Any CPU
		{60C32E33-AFFC-40DC-9868-258CB81FF986}.Debug|x64.ActiveCfg = Debug|Any CPU
		{60C32E33-AFFC-40DC-9868-258CB81FF986}.Debug|x64.Build.0 = Debug|Any CPU
		{60C32E33-AFFC-40DC-9868-258CB81FF986}.Debug|x64.Deploy.0 = Debug|Any CPU
		{60C32E33-AFFC-40DC-9868-258CB81FF986}.Debug|x86.ActiveCfg = Debug|Any CPU
		{60C32E33-AFFC-40DC-9868-258CB81FF986}.Debug|x86.Build.0 = Debug|Any CPU
		{60C32E33-AFFC-40DC-9868-258CB81FF986}.Debug|x86.Deploy.0 = Debug|Any CPU
		{60C32E33-AFFC-40DC-9868-258CB81FF986}.Release|Any CPU.ActiveCfg = Release|Any CPU
		{60C32E33-AFFC-40DC-9868-258CB81FF986}.Release|Any CPU.Build.0 = Release|Any CPU
		{60C32E33-AFFC-40DC-9868-258CB81FF986}.Release|Any CPU.Deploy.0 = Release|Any CPU
		{60C32E33-AFFC-40DC-9868-258CB81FF986}.Release|ARM.ActiveCfg = Release|Any CPU
		{60C32E33-AFFC-40DC-9868-258CB81FF986}.Release|ARM.Build.0 = Release|Any CPU
		{60C32E33-AFFC-40DC-9868-258CB81FF986}.Release|ARM.Deploy.0 = Release|Any CPU
		{60C32E33-AFFC-40DC-9868-258CB81FF986}.Release|iPhone.ActiveCfg = Release|Any CPU
		{60C32E33-AFFC-40DC-9868-258CB81FF986}.Release|iPhone.Build.0 = Release|Any CPU
		{60C32E33-AFFC-40DC-9868-258CB81FF986}.Release|iPhone.Deploy.0 = Release|Any CPU
		{60C32E33-AFFC-40DC-9868-258CB81FF986}.Release|iPhoneSimulator.ActiveCfg = Release|Any CPU
		{60C32E33-AFFC-40DC-9868-258CB81FF986}.Release|iPhoneSimulator.Build.0 = Release|Any CPU
		{60C32E33-AFFC-40DC-9868-258CB81FF986}.Release|iPhoneSimulator.Deploy.0 = Release|Any CPU
		{60C32E33-AFFC-40DC-9868-258CB81FF986}.Release|x64.ActiveCfg = Release|Any CPU
		{60C32E33-AFFC-40DC-9868-258CB81FF986}.Release|x64.Build.0 = Release|Any CPU
		{60C32E33-AFFC-40DC-9868-258CB81FF986}.Release|x64.Deploy.0 = Release|Any CPU
		{60C32E33-AFFC-40DC-9868-258CB81FF986}.Release|x86.ActiveCfg = Release|Any CPU
		{60C32E33-AFFC-40DC-9868-258CB81FF986}.Release|x86.Build.0 = Release|Any CPU
		{60C32E33-AFFC-40DC-9868-258CB81FF986}.Release|x86.Deploy.0 = Release|Any CPU
		{EFADD8D8-1B7C-4D24-8436-E4EE1A191DA8}.Ad-Hoc|Any CPU.ActiveCfg = Ad-Hoc|iPhone
		{EFADD8D8-1B7C-4D24-8436-E4EE1A191DA8}.Ad-Hoc|ARM.ActiveCfg = Ad-Hoc|iPhone
		{EFADD8D8-1B7C-4D24-8436-E4EE1A191DA8}.Ad-Hoc|iPhone.ActiveCfg = Ad-Hoc|iPhone
		{EFADD8D8-1B7C-4D24-8436-E4EE1A191DA8}.Ad-Hoc|iPhone.Build.0 = Ad-Hoc|iPhone
		{EFADD8D8-1B7C-4D24-8436-E4EE1A191DA8}.Ad-Hoc|iPhoneSimulator.ActiveCfg = Ad-Hoc|iPhoneSimulator
		{EFADD8D8-1B7C-4D24-8436-E4EE1A191DA8}.Ad-Hoc|iPhoneSimulator.Build.0 = Ad-Hoc|iPhoneSimulator
		{EFADD8D8-1B7C-4D24-8436-E4EE1A191DA8}.Ad-Hoc|x64.ActiveCfg = Ad-Hoc|iPhone
		{EFADD8D8-1B7C-4D24-8436-E4EE1A191DA8}.Ad-Hoc|x86.ActiveCfg = Ad-Hoc|iPhone
		{EFADD8D8-1B7C-4D24-8436-E4EE1A191DA8}.AppStore|Any CPU.ActiveCfg = AppStore|iPhone
		{EFADD8D8-1B7C-4D24-8436-E4EE1A191DA8}.AppStore|ARM.ActiveCfg = AppStore|iPhone
		{EFADD8D8-1B7C-4D24-8436-E4EE1A191DA8}.AppStore|iPhone.ActiveCfg = AppStore|iPhone
		{EFADD8D8-1B7C-4D24-8436-E4EE1A191DA8}.AppStore|iPhone.Build.0 = AppStore|iPhone
		{EFADD8D8-1B7C-4D24-8436-E4EE1A191DA8}.AppStore|iPhoneSimulator.ActiveCfg = AppStore|iPhoneSimulator
		{EFADD8D8-1B7C-4D24-8436-E4EE1A191DA8}.AppStore|iPhoneSimulator.Build.0 = AppStore|iPhoneSimulator
		{EFADD8D8-1B7C-4D24-8436-E4EE1A191DA8}.AppStore|x64.ActiveCfg = AppStore|iPhone
		{EFADD8D8-1B7C-4D24-8436-E4EE1A191DA8}.AppStore|x86.ActiveCfg = AppStore|iPhone
		{EFADD8D8-1B7C-4D24-8436-E4EE1A191DA8}.Debug|Any CPU.ActiveCfg = Debug|iPhone
		{EFADD8D8-1B7C-4D24-8436-E4EE1A191DA8}.Debug|Any CPU.Build.0 = Debug|iPhone
		{EFADD8D8-1B7C-4D24-8436-E4EE1A191DA8}.Debug|ARM.ActiveCfg = Debug|iPhone
		{EFADD8D8-1B7C-4D24-8436-E4EE1A191DA8}.Debug|iPhone.ActiveCfg = Debug|iPhone
		{EFADD8D8-1B7C-4D24-8436-E4EE1A191DA8}.Debug|iPhone.Build.0 = Debug|iPhone
		{EFADD8D8-1B7C-4D24-8436-E4EE1A191DA8}.Debug|iPhoneSimulator.ActiveCfg = Debug|iPhoneSimulator
		{EFADD8D8-1B7C-4D24-8436-E4EE1A191DA8}.Debug|iPhoneSimulator.Build.0 = Debug|iPhoneSimulator
		{EFADD8D8-1B7C-4D24-8436-E4EE1A191DA8}.Debug|x64.ActiveCfg = Debug|iPhone
		{EFADD8D8-1B7C-4D24-8436-E4EE1A191DA8}.Debug|x86.ActiveCfg = Debug|iPhone
		{EFADD8D8-1B7C-4D24-8436-E4EE1A191DA8}.Release|Any CPU.ActiveCfg = Release|iPhone
		{EFADD8D8-1B7C-4D24-8436-E4EE1A191DA8}.Release|ARM.ActiveCfg = Release|iPhone
		{EFADD8D8-1B7C-4D24-8436-E4EE1A191DA8}.Release|iPhone.ActiveCfg = Release|iPhone
		{EFADD8D8-1B7C-4D24-8436-E4EE1A191DA8}.Release|iPhone.Build.0 = Release|iPhone
		{EFADD8D8-1B7C-4D24-8436-E4EE1A191DA8}.Release|iPhoneSimulator.ActiveCfg = Release|iPhoneSimulator
		{EFADD8D8-1B7C-4D24-8436-E4EE1A191DA8}.Release|iPhoneSimulator.Build.0 = Release|iPhoneSimulator
		{EFADD8D8-1B7C-4D24-8436-E4EE1A191DA8}.Release|x64.ActiveCfg = Release|iPhone
		{EFADD8D8-1B7C-4D24-8436-E4EE1A191DA8}.Release|x86.ActiveCfg = Release|iPhone
		{A692CF47-49AB-4054-BA17-8C2CF17F4949}.Ad-Hoc|Any CPU.ActiveCfg = Release|Any CPU
		{A692CF47-49AB-4054-BA17-8C2CF17F4949}.Ad-Hoc|Any CPU.Build.0 = Release|Any CPU
		{A692CF47-49AB-4054-BA17-8C2CF17F4949}.Ad-Hoc|Any CPU.Deploy.0 = Release|Any CPU
		{A692CF47-49AB-4054-BA17-8C2CF17F4949}.Ad-Hoc|ARM.ActiveCfg = Release|ARM
		{A692CF47-49AB-4054-BA17-8C2CF17F4949}.Ad-Hoc|ARM.Build.0 = Release|ARM
		{A692CF47-49AB-4054-BA17-8C2CF17F4949}.Ad-Hoc|ARM.Deploy.0 = Release|ARM
		{A692CF47-49AB-4054-BA17-8C2CF17F4949}.Ad-Hoc|iPhone.ActiveCfg = Release|Any CPU
		{A692CF47-49AB-4054-BA17-8C2CF17F4949}.Ad-Hoc|iPhone.Build.0 = Release|Any CPU
		{A692CF47-49AB-4054-BA17-8C2CF17F4949}.Ad-Hoc|iPhone.Deploy.0 = Release|Any CPU
		{A692CF47-49AB-4054-BA17-8C2CF17F4949}.Ad-Hoc|iPhoneSimulator.ActiveCfg = Release|Any CPU
		{A692CF47-49AB-4054-BA17-8C2CF17F4949}.Ad-Hoc|iPhoneSimulator.Build.0 = Release|Any CPU
		{A692CF47-49AB-4054-BA17-8C2CF17F4949}.Ad-Hoc|iPhoneSimulator.Deploy.0 = Release|Any CPU
		{A692CF47-49AB-4054-BA17-8C2CF17F4949}.Ad-Hoc|x64.ActiveCfg = Release|Any CPU
		{A692CF47-49AB-4054-BA17-8C2CF17F4949}.Ad-Hoc|x64.Build.0 = Release|Any CPU
		{A692CF47-49AB-4054-BA17-8C2CF17F4949}.Ad-Hoc|x64.Deploy.0 = Release|Any CPU
		{A692CF47-49AB-4054-BA17-8C2CF17F4949}.Ad-Hoc|x86.ActiveCfg = Release|x86
		{A692CF47-49AB-4054-BA17-8C2CF17F4949}.Ad-Hoc|x86.Build.0 = Release|x86
		{A692CF47-49AB-4054-BA17-8C2CF17F4949}.Ad-Hoc|x86.Deploy.0 = Release|x86
		{A692CF47-49AB-4054-BA17-8C2CF17F4949}.AppStore|Any CPU.ActiveCfg = Release|Any CPU
		{A692CF47-49AB-4054-BA17-8C2CF17F4949}.AppStore|Any CPU.Build.0 = Release|Any CPU
		{A692CF47-49AB-4054-BA17-8C2CF17F4949}.AppStore|Any CPU.Deploy.0 = Release|Any CPU
		{A692CF47-49AB-4054-BA17-8C2CF17F4949}.AppStore|ARM.ActiveCfg = Release|ARM
		{A692CF47-49AB-4054-BA17-8C2CF17F4949}.AppStore|ARM.Build.0 = Release|ARM
		{A692CF47-49AB-4054-BA17-8C2CF17F4949}.AppStore|ARM.Deploy.0 = Release|ARM
		{A692CF47-49AB-4054-BA17-8C2CF17F4949}.AppStore|iPhone.ActiveCfg = Release|Any CPU
		{A692CF47-49AB-4054-BA17-8C2CF17F4949}.AppStore|iPhone.Build.0 = Release|Any CPU
		{A692CF47-49AB-4054-BA17-8C2CF17F4949}.AppStore|iPhone.Deploy.0 = Release|Any CPU
		{A692CF47-49AB-4054-BA17-8C2CF17F4949}.AppStore|iPhoneSimulator.ActiveCfg = Release|Any CPU
		{A692CF47-49AB-4054-BA17-8C2CF17F4949}.AppStore|iPhoneSimulator.Build.0 = Release|Any CPU
		{A692CF47-49AB-4054-BA17-8C2CF17F4949}.AppStore|iPhoneSimulator.Deploy.0 = Release|Any CPU
		{A692CF47-49AB-4054-BA17-8C2CF17F4949}.AppStore|x64.ActiveCfg = Release|Any CPU
		{A692CF47-49AB-4054-BA17-8C2CF17F4949}.AppStore|x64.Build.0 = Release|Any CPU
		{A692CF47-49AB-4054-BA17-8C2CF17F4949}.AppStore|x64.Deploy.0 = Release|Any CPU
		{A692CF47-49AB-4054-BA17-8C2CF17F4949}.AppStore|x86.ActiveCfg = Release|x86
		{A692CF47-49AB-4054-BA17-8C2CF17F4949}.AppStore|x86.Build.0 = Release|x86
		{A692CF47-49AB-4054-BA17-8C2CF17F4949}.AppStore|x86.Deploy.0 = Release|x86
		{A692CF47-49AB-4054-BA17-8C2CF17F4949}.Debug|Any CPU.ActiveCfg = Debug|Any CPU
		{A692CF47-49AB-4054-BA17-8C2CF17F4949}.Debug|Any CPU.Build.0 = Debug|Any CPU
		{A692CF47-49AB-4054-BA17-8C2CF17F4949}.Debug|Any CPU.Deploy.0 = Debug|Any CPU
		{A692CF47-49AB-4054-BA17-8C2CF17F4949}.Debug|ARM.ActiveCfg = Debug|ARM
		{A692CF47-49AB-4054-BA17-8C2CF17F4949}.Debug|ARM.Build.0 = Debug|ARM
		{A692CF47-49AB-4054-BA17-8C2CF17F4949}.Debug|ARM.Deploy.0 = Debug|ARM
		{A692CF47-49AB-4054-BA17-8C2CF17F4949}.Debug|iPhone.ActiveCfg = Debug|Any CPU
		{A692CF47-49AB-4054-BA17-8C2CF17F4949}.Debug|iPhone.Build.0 = Debug|Any CPU
		{A692CF47-49AB-4054-BA17-8C2CF17F4949}.Debug|iPhone.Deploy.0 = Debug|Any CPU
		{A692CF47-49AB-4054-BA17-8C2CF17F4949}.Debug|iPhoneSimulator.ActiveCfg = Debug|Any CPU
		{A692CF47-49AB-4054-BA17-8C2CF17F4949}.Debug|iPhoneSimulator.Build.0 = Debug|Any CPU
		{A692CF47-49AB-4054-BA17-8C2CF17F4949}.Debug|iPhoneSimulator.Deploy.0 = Debug|Any CPU
		{A692CF47-49AB-4054-BA17-8C2CF17F4949}.Debug|x64.ActiveCfg = Debug|Any CPU
		{A692CF47-49AB-4054-BA17-8C2CF17F4949}.Debug|x64.Build.0 = Debug|Any CPU
		{A692CF47-49AB-4054-BA17-8C2CF17F4949}.Debug|x64.Deploy.0 = Debug|Any CPU
		{A692CF47-49AB-4054-BA17-8C2CF17F4949}.Debug|x86.ActiveCfg = Debug|x86
		{A692CF47-49AB-4054-BA17-8C2CF17F4949}.Debug|x86.Build.0 = Debug|x86
		{A692CF47-49AB-4054-BA17-8C2CF17F4949}.Debug|x86.Deploy.0 = Debug|x86
		{A692CF47-49AB-4054-BA17-8C2CF17F4949}.Release|Any CPU.ActiveCfg = Release|Any CPU
		{A692CF47-49AB-4054-BA17-8C2CF17F4949}.Release|Any CPU.Build.0 = Release|Any CPU
		{A692CF47-49AB-4054-BA17-8C2CF17F4949}.Release|Any CPU.Deploy.0 = Release|Any CPU
		{A692CF47-49AB-4054-BA17-8C2CF17F4949}.Release|ARM.ActiveCfg = Release|ARM
		{A692CF47-49AB-4054-BA17-8C2CF17F4949}.Release|ARM.Build.0 = Release|ARM
		{A692CF47-49AB-4054-BA17-8C2CF17F4949}.Release|ARM.Deploy.0 = Release|ARM
		{A692CF47-49AB-4054-BA17-8C2CF17F4949}.Release|iPhone.ActiveCfg = Release|Any CPU
		{A692CF47-49AB-4054-BA17-8C2CF17F4949}.Release|iPhone.Build.0 = Release|Any CPU
		{A692CF47-49AB-4054-BA17-8C2CF17F4949}.Release|iPhone.Deploy.0 = Release|Any CPU
		{A692CF47-49AB-4054-BA17-8C2CF17F4949}.Release|iPhoneSimulator.ActiveCfg = Release|Any CPU
		{A692CF47-49AB-4054-BA17-8C2CF17F4949}.Release|iPhoneSimulator.Build.0 = Release|Any CPU
		{A692CF47-49AB-4054-BA17-8C2CF17F4949}.Release|iPhoneSimulator.Deploy.0 = Release|Any CPU
		{A692CF47-49AB-4054-BA17-8C2CF17F4949}.Release|x64.ActiveCfg = Release|Any CPU
		{A692CF47-49AB-4054-BA17-8C2CF17F4949}.Release|x64.Build.0 = Release|Any CPU
		{A692CF47-49AB-4054-BA17-8C2CF17F4949}.Release|x64.Deploy.0 = Release|Any CPU
		{A692CF47-49AB-4054-BA17-8C2CF17F4949}.Release|x86.ActiveCfg = Release|x86
		{A692CF47-49AB-4054-BA17-8C2CF17F4949}.Release|x86.Build.0 = Release|x86
		{A692CF47-49AB-4054-BA17-8C2CF17F4949}.Release|x86.Deploy.0 = Release|x86
		{9147187C-204B-4A5A-8585-0CE7B430245F}.Ad-Hoc|Any CPU.ActiveCfg = Release|x86
		{9147187C-204B-4A5A-8585-0CE7B430245F}.Ad-Hoc|Any CPU.Build.0 = Release|x86
		{9147187C-204B-4A5A-8585-0CE7B430245F}.Ad-Hoc|Any CPU.Deploy.0 = Release|x86
		{9147187C-204B-4A5A-8585-0CE7B430245F}.Ad-Hoc|ARM.ActiveCfg = Release|ARM
		{9147187C-204B-4A5A-8585-0CE7B430245F}.Ad-Hoc|ARM.Build.0 = Release|ARM
		{9147187C-204B-4A5A-8585-0CE7B430245F}.Ad-Hoc|ARM.Deploy.0 = Release|ARM
		{9147187C-204B-4A5A-8585-0CE7B430245F}.Ad-Hoc|iPhone.ActiveCfg = Release|x86
		{9147187C-204B-4A5A-8585-0CE7B430245F}.Ad-Hoc|iPhone.Build.0 = Release|x86
		{9147187C-204B-4A5A-8585-0CE7B430245F}.Ad-Hoc|iPhone.Deploy.0 = Release|x86
		{9147187C-204B-4A5A-8585-0CE7B430245F}.Ad-Hoc|iPhoneSimulator.ActiveCfg = Release|x86
		{9147187C-204B-4A5A-8585-0CE7B430245F}.Ad-Hoc|iPhoneSimulator.Build.0 = Release|x86
		{9147187C-204B-4A5A-8585-0CE7B430245F}.Ad-Hoc|iPhoneSimulator.Deploy.0 = Release|x86
		{9147187C-204B-4A5A-8585-0CE7B430245F}.Ad-Hoc|x64.ActiveCfg = Release|x64
		{9147187C-204B-4A5A-8585-0CE7B430245F}.Ad-Hoc|x64.Build.0 = Release|x64
		{9147187C-204B-4A5A-8585-0CE7B430245F}.Ad-Hoc|x64.Deploy.0 = Release|x64
		{9147187C-204B-4A5A-8585-0CE7B430245F}.Ad-Hoc|x86.ActiveCfg = Release|x86
		{9147187C-204B-4A5A-8585-0CE7B430245F}.Ad-Hoc|x86.Build.0 = Release|x86
		{9147187C-204B-4A5A-8585-0CE7B430245F}.Ad-Hoc|x86.Deploy.0 = Release|x86
		{9147187C-204B-4A5A-8585-0CE7B430245F}.AppStore|Any CPU.ActiveCfg = Release|x86
		{9147187C-204B-4A5A-8585-0CE7B430245F}.AppStore|Any CPU.Build.0 = Release|x86
		{9147187C-204B-4A5A-8585-0CE7B430245F}.AppStore|Any CPU.Deploy.0 = Release|x86
		{9147187C-204B-4A5A-8585-0CE7B430245F}.AppStore|ARM.ActiveCfg = Release|ARM
		{9147187C-204B-4A5A-8585-0CE7B430245F}.AppStore|ARM.Build.0 = Release|ARM
		{9147187C-204B-4A5A-8585-0CE7B430245F}.AppStore|ARM.Deploy.0 = Release|ARM
		{9147187C-204B-4A5A-8585-0CE7B430245F}.AppStore|iPhone.ActiveCfg = Release|x86
		{9147187C-204B-4A5A-8585-0CE7B430245F}.AppStore|iPhone.Build.0 = Release|x86
		{9147187C-204B-4A5A-8585-0CE7B430245F}.AppStore|iPhone.Deploy.0 = Release|x86
		{9147187C-204B-4A5A-8585-0CE7B430245F}.AppStore|iPhoneSimulator.ActiveCfg = Release|x86
		{9147187C-204B-4A5A-8585-0CE7B430245F}.AppStore|iPhoneSimulator.Build.0 = Release|x86
		{9147187C-204B-4A5A-8585-0CE7B430245F}.AppStore|iPhoneSimulator.Deploy.0 = Release|x86
		{9147187C-204B-4A5A-8585-0CE7B430245F}.AppStore|x64.ActiveCfg = Release|x64
		{9147187C-204B-4A5A-8585-0CE7B430245F}.AppStore|x64.Build.0 = Release|x64
		{9147187C-204B-4A5A-8585-0CE7B430245F}.AppStore|x64.Deploy.0 = Release|x64
		{9147187C-204B-4A5A-8585-0CE7B430245F}.AppStore|x86.ActiveCfg = Release|x86
		{9147187C-204B-4A5A-8585-0CE7B430245F}.AppStore|x86.Build.0 = Release|x86
		{9147187C-204B-4A5A-8585-0CE7B430245F}.AppStore|x86.Deploy.0 = Release|x86
		{9147187C-204B-4A5A-8585-0CE7B430245F}.Debug|Any CPU.ActiveCfg = Debug|x86
		{9147187C-204B-4A5A-8585-0CE7B430245F}.Debug|Any CPU.Build.0 = Debug|x86
		{9147187C-204B-4A5A-8585-0CE7B430245F}.Debug|Any CPU.Deploy.0 = Debug|x86
		{9147187C-204B-4A5A-8585-0CE7B430245F}.Debug|ARM.ActiveCfg = Debug|ARM
		{9147187C-204B-4A5A-8585-0CE7B430245F}.Debug|ARM.Build.0 = Debug|ARM
		{9147187C-204B-4A5A-8585-0CE7B430245F}.Debug|ARM.Deploy.0 = Debug|ARM
		{9147187C-204B-4A5A-8585-0CE7B430245F}.Debug|iPhone.ActiveCfg = Debug|x86
		{9147187C-204B-4A5A-8585-0CE7B430245F}.Debug|iPhoneSimulator.ActiveCfg = Debug|x86
		{9147187C-204B-4A5A-8585-0CE7B430245F}.Debug|x64.ActiveCfg = Debug|x64
		{9147187C-204B-4A5A-8585-0CE7B430245F}.Debug|x64.Build.0 = Debug|x64
		{9147187C-204B-4A5A-8585-0CE7B430245F}.Debug|x64.Deploy.0 = Debug|x64
		{9147187C-204B-4A5A-8585-0CE7B430245F}.Debug|x86.ActiveCfg = Debug|x86
		{9147187C-204B-4A5A-8585-0CE7B430245F}.Debug|x86.Build.0 = Debug|x86
		{9147187C-204B-4A5A-8585-0CE7B430245F}.Debug|x86.Deploy.0 = Debug|x86
		{9147187C-204B-4A5A-8585-0CE7B430245F}.Release|Any CPU.ActiveCfg = Release|x86
		{9147187C-204B-4A5A-8585-0CE7B430245F}.Release|ARM.ActiveCfg = Release|ARM
		{9147187C-204B-4A5A-8585-0CE7B430245F}.Release|ARM.Build.0 = Release|ARM
		{9147187C-204B-4A5A-8585-0CE7B430245F}.Release|ARM.Deploy.0 = Release|ARM
		{9147187C-204B-4A5A-8585-0CE7B430245F}.Release|iPhone.ActiveCfg = Release|x86
		{9147187C-204B-4A5A-8585-0CE7B430245F}.Release|iPhoneSimulator.ActiveCfg = Release|x86
		{9147187C-204B-4A5A-8585-0CE7B430245F}.Release|x64.ActiveCfg = Release|x64
		{9147187C-204B-4A5A-8585-0CE7B430245F}.Release|x64.Build.0 = Release|x64
		{9147187C-204B-4A5A-8585-0CE7B430245F}.Release|x64.Deploy.0 = Release|x64
		{9147187C-204B-4A5A-8585-0CE7B430245F}.Release|x86.ActiveCfg = Release|x86
		{9147187C-204B-4A5A-8585-0CE7B430245F}.Release|x86.Build.0 = Release|x86
		{9147187C-204B-4A5A-8585-0CE7B430245F}.Release|x86.Deploy.0 = Release|x86
		{D21AA33E-6310-4BB0-8A98-F0C9D277D44F}.Ad-Hoc|Any CPU.ActiveCfg = Release|Any CPU
		{D21AA33E-6310-4BB0-8A98-F0C9D277D44F}.Ad-Hoc|Any CPU.Build.0 = Release|Any CPU
		{D21AA33E-6310-4BB0-8A98-F0C9D277D44F}.Ad-Hoc|Any CPU.Deploy.0 = Release|Any CPU
		{D21AA33E-6310-4BB0-8A98-F0C9D277D44F}.Ad-Hoc|ARM.ActiveCfg = Release|ARM
		{D21AA33E-6310-4BB0-8A98-F0C9D277D44F}.Ad-Hoc|ARM.Build.0 = Release|ARM
		{D21AA33E-6310-4BB0-8A98-F0C9D277D44F}.Ad-Hoc|ARM.Deploy.0 = Release|ARM
		{D21AA33E-6310-4BB0-8A98-F0C9D277D44F}.Ad-Hoc|iPhone.ActiveCfg = Release|Any CPU
		{D21AA33E-6310-4BB0-8A98-F0C9D277D44F}.Ad-Hoc|iPhone.Build.0 = Release|Any CPU
		{D21AA33E-6310-4BB0-8A98-F0C9D277D44F}.Ad-Hoc|iPhone.Deploy.0 = Release|Any CPU
		{D21AA33E-6310-4BB0-8A98-F0C9D277D44F}.Ad-Hoc|iPhoneSimulator.ActiveCfg = Release|Any CPU
		{D21AA33E-6310-4BB0-8A98-F0C9D277D44F}.Ad-Hoc|iPhoneSimulator.Build.0 = Release|Any CPU
		{D21AA33E-6310-4BB0-8A98-F0C9D277D44F}.Ad-Hoc|iPhoneSimulator.Deploy.0 = Release|Any CPU
		{D21AA33E-6310-4BB0-8A98-F0C9D277D44F}.Ad-Hoc|x64.ActiveCfg = Release|x64
		{D21AA33E-6310-4BB0-8A98-F0C9D277D44F}.Ad-Hoc|x64.Build.0 = Release|x64
		{D21AA33E-6310-4BB0-8A98-F0C9D277D44F}.Ad-Hoc|x64.Deploy.0 = Release|x64
		{D21AA33E-6310-4BB0-8A98-F0C9D277D44F}.Ad-Hoc|x86.ActiveCfg = Release|x86
		{D21AA33E-6310-4BB0-8A98-F0C9D277D44F}.Ad-Hoc|x86.Build.0 = Release|x86
		{D21AA33E-6310-4BB0-8A98-F0C9D277D44F}.Ad-Hoc|x86.Deploy.0 = Release|x86
		{D21AA33E-6310-4BB0-8A98-F0C9D277D44F}.AppStore|Any CPU.ActiveCfg = Release|Any CPU
		{D21AA33E-6310-4BB0-8A98-F0C9D277D44F}.AppStore|Any CPU.Build.0 = Release|Any CPU
		{D21AA33E-6310-4BB0-8A98-F0C9D277D44F}.AppStore|Any CPU.Deploy.0 = Release|Any CPU
		{D21AA33E-6310-4BB0-8A98-F0C9D277D44F}.AppStore|ARM.ActiveCfg = Release|ARM
		{D21AA33E-6310-4BB0-8A98-F0C9D277D44F}.AppStore|ARM.Build.0 = Release|ARM
		{D21AA33E-6310-4BB0-8A98-F0C9D277D44F}.AppStore|ARM.Deploy.0 = Release|ARM
		{D21AA33E-6310-4BB0-8A98-F0C9D277D44F}.AppStore|iPhone.ActiveCfg = Release|Any CPU
		{D21AA33E-6310-4BB0-8A98-F0C9D277D44F}.AppStore|iPhone.Build.0 = Release|Any CPU
		{D21AA33E-6310-4BB0-8A98-F0C9D277D44F}.AppStore|iPhone.Deploy.0 = Release|Any CPU
		{D21AA33E-6310-4BB0-8A98-F0C9D277D44F}.AppStore|iPhoneSimulator.ActiveCfg = Release|Any CPU
		{D21AA33E-6310-4BB0-8A98-F0C9D277D44F}.AppStore|iPhoneSimulator.Build.0 = Release|Any CPU
		{D21AA33E-6310-4BB0-8A98-F0C9D277D44F}.AppStore|iPhoneSimulator.Deploy.0 = Release|Any CPU
		{D21AA33E-6310-4BB0-8A98-F0C9D277D44F}.AppStore|x64.ActiveCfg = Release|x64
		{D21AA33E-6310-4BB0-8A98-F0C9D277D44F}.AppStore|x64.Build.0 = Release|x64
		{D21AA33E-6310-4BB0-8A98-F0C9D277D44F}.AppStore|x64.Deploy.0 = Release|x64
		{D21AA33E-6310-4BB0-8A98-F0C9D277D44F}.AppStore|x86.ActiveCfg = Release|x86
		{D21AA33E-6310-4BB0-8A98-F0C9D277D44F}.AppStore|x86.Build.0 = Release|x86
		{D21AA33E-6310-4BB0-8A98-F0C9D277D44F}.AppStore|x86.Deploy.0 = Release|x86
		{D21AA33E-6310-4BB0-8A98-F0C9D277D44F}.Debug|Any CPU.ActiveCfg = Debug|Any CPU
		{D21AA33E-6310-4BB0-8A98-F0C9D277D44F}.Debug|Any CPU.Build.0 = Debug|Any CPU
		{D21AA33E-6310-4BB0-8A98-F0C9D277D44F}.Debug|Any CPU.Deploy.0 = Debug|Any CPU
		{D21AA33E-6310-4BB0-8A98-F0C9D277D44F}.Debug|ARM.ActiveCfg = Debug|ARM
		{D21AA33E-6310-4BB0-8A98-F0C9D277D44F}.Debug|ARM.Build.0 = Debug|ARM
		{D21AA33E-6310-4BB0-8A98-F0C9D277D44F}.Debug|ARM.Deploy.0 = Debug|ARM
		{D21AA33E-6310-4BB0-8A98-F0C9D277D44F}.Debug|iPhone.ActiveCfg = Debug|Any CPU
		{D21AA33E-6310-4BB0-8A98-F0C9D277D44F}.Debug|iPhone.Build.0 = Debug|Any CPU
		{D21AA33E-6310-4BB0-8A98-F0C9D277D44F}.Debug|iPhone.Deploy.0 = Debug|Any CPU
		{D21AA33E-6310-4BB0-8A98-F0C9D277D44F}.Debug|iPhoneSimulator.ActiveCfg = Debug|Any CPU
		{D21AA33E-6310-4BB0-8A98-F0C9D277D44F}.Debug|iPhoneSimulator.Build.0 = Debug|Any CPU
		{D21AA33E-6310-4BB0-8A98-F0C9D277D44F}.Debug|iPhoneSimulator.Deploy.0 = Debug|Any CPU
		{D21AA33E-6310-4BB0-8A98-F0C9D277D44F}.Debug|x64.ActiveCfg = Debug|x64
		{D21AA33E-6310-4BB0-8A98-F0C9D277D44F}.Debug|x64.Build.0 = Debug|x64
		{D21AA33E-6310-4BB0-8A98-F0C9D277D44F}.Debug|x64.Deploy.0 = Debug|x64
		{D21AA33E-6310-4BB0-8A98-F0C9D277D44F}.Debug|x86.ActiveCfg = Debug|x86
		{D21AA33E-6310-4BB0-8A98-F0C9D277D44F}.Debug|x86.Build.0 = Debug|x86
		{D21AA33E-6310-4BB0-8A98-F0C9D277D44F}.Debug|x86.Deploy.0 = Debug|x86
		{D21AA33E-6310-4BB0-8A98-F0C9D277D44F}.Release|Any CPU.ActiveCfg = Release|Any CPU
		{D21AA33E-6310-4BB0-8A98-F0C9D277D44F}.Release|Any CPU.Build.0 = Release|Any CPU
		{D21AA33E-6310-4BB0-8A98-F0C9D277D44F}.Release|Any CPU.Deploy.0 = Release|Any CPU
		{D21AA33E-6310-4BB0-8A98-F0C9D277D44F}.Release|ARM.ActiveCfg = Release|ARM
		{D21AA33E-6310-4BB0-8A98-F0C9D277D44F}.Release|ARM.Build.0 = Release|ARM
		{D21AA33E-6310-4BB0-8A98-F0C9D277D44F}.Release|ARM.Deploy.0 = Release|ARM
		{D21AA33E-6310-4BB0-8A98-F0C9D277D44F}.Release|iPhone.ActiveCfg = Release|Any CPU
		{D21AA33E-6310-4BB0-8A98-F0C9D277D44F}.Release|iPhone.Build.0 = Release|Any CPU
		{D21AA33E-6310-4BB0-8A98-F0C9D277D44F}.Release|iPhone.Deploy.0 = Release|Any CPU
		{D21AA33E-6310-4BB0-8A98-F0C9D277D44F}.Release|iPhoneSimulator.ActiveCfg = Release|Any CPU
		{D21AA33E-6310-4BB0-8A98-F0C9D277D44F}.Release|iPhoneSimulator.Build.0 = Release|Any CPU
		{D21AA33E-6310-4BB0-8A98-F0C9D277D44F}.Release|iPhoneSimulator.Deploy.0 = Release|Any CPU
		{D21AA33E-6310-4BB0-8A98-F0C9D277D44F}.Release|x64.ActiveCfg = Release|x64
		{D21AA33E-6310-4BB0-8A98-F0C9D277D44F}.Release|x64.Build.0 = Release|x64
		{D21AA33E-6310-4BB0-8A98-F0C9D277D44F}.Release|x64.Deploy.0 = Release|x64
		{D21AA33E-6310-4BB0-8A98-F0C9D277D44F}.Release|x86.ActiveCfg = Release|x86
		{D21AA33E-6310-4BB0-8A98-F0C9D277D44F}.Release|x86.Build.0 = Release|x86
		{D21AA33E-6310-4BB0-8A98-F0C9D277D44F}.Release|x86.Deploy.0 = Release|x86
		{06FB4E56-1821-4B09-B0C0-B6F2977B8E2D}.Ad-Hoc|Any CPU.ActiveCfg = Release|Any CPU
		{06FB4E56-1821-4B09-B0C0-B6F2977B8E2D}.Ad-Hoc|Any CPU.Build.0 = Release|Any CPU
		{06FB4E56-1821-4B09-B0C0-B6F2977B8E2D}.Ad-Hoc|ARM.ActiveCfg = Release|Any CPU
		{06FB4E56-1821-4B09-B0C0-B6F2977B8E2D}.Ad-Hoc|ARM.Build.0 = Release|Any CPU
		{06FB4E56-1821-4B09-B0C0-B6F2977B8E2D}.Ad-Hoc|iPhone.ActiveCfg = Release|Any CPU
		{06FB4E56-1821-4B09-B0C0-B6F2977B8E2D}.Ad-Hoc|iPhone.Build.0 = Release|Any CPU
		{06FB4E56-1821-4B09-B0C0-B6F2977B8E2D}.Ad-Hoc|iPhoneSimulator.ActiveCfg = Release|Any CPU
		{06FB4E56-1821-4B09-B0C0-B6F2977B8E2D}.Ad-Hoc|iPhoneSimulator.Build.0 = Release|Any CPU
		{06FB4E56-1821-4B09-B0C0-B6F2977B8E2D}.Ad-Hoc|x64.ActiveCfg = Release|Any CPU
		{06FB4E56-1821-4B09-B0C0-B6F2977B8E2D}.Ad-Hoc|x64.Build.0 = Release|Any CPU
		{06FB4E56-1821-4B09-B0C0-B6F2977B8E2D}.Ad-Hoc|x86.ActiveCfg = Release|Any CPU
		{06FB4E56-1821-4B09-B0C0-B6F2977B8E2D}.Ad-Hoc|x86.Build.0 = Release|Any CPU
		{06FB4E56-1821-4B09-B0C0-B6F2977B8E2D}.AppStore|Any CPU.ActiveCfg = Release|Any CPU
		{06FB4E56-1821-4B09-B0C0-B6F2977B8E2D}.AppStore|Any CPU.Build.0 = Release|Any CPU
		{06FB4E56-1821-4B09-B0C0-B6F2977B8E2D}.AppStore|ARM.ActiveCfg = Release|Any CPU
		{06FB4E56-1821-4B09-B0C0-B6F2977B8E2D}.AppStore|ARM.Build.0 = Release|Any CPU
		{06FB4E56-1821-4B09-B0C0-B6F2977B8E2D}.AppStore|iPhone.ActiveCfg = Release|Any CPU
		{06FB4E56-1821-4B09-B0C0-B6F2977B8E2D}.AppStore|iPhone.Build.0 = Release|Any CPU
		{06FB4E56-1821-4B09-B0C0-B6F2977B8E2D}.AppStore|iPhoneSimulator.ActiveCfg = Release|Any CPU
		{06FB4E56-1821-4B09-B0C0-B6F2977B8E2D}.AppStore|iPhoneSimulator.Build.0 = Release|Any CPU
		{06FB4E56-1821-4B09-B0C0-B6F2977B8E2D}.AppStore|x64.ActiveCfg = Release|Any CPU
		{06FB4E56-1821-4B09-B0C0-B6F2977B8E2D}.AppStore|x64.Build.0 = Release|Any CPU
		{06FB4E56-1821-4B09-B0C0-B6F2977B8E2D}.AppStore|x86.ActiveCfg = Release|Any CPU
		{06FB4E56-1821-4B09-B0C0-B6F2977B8E2D}.AppStore|x86.Build.0 = Release|Any CPU
		{06FB4E56-1821-4B09-B0C0-B6F2977B8E2D}.Debug|Any CPU.ActiveCfg = Debug|Any CPU
		{06FB4E56-1821-4B09-B0C0-B6F2977B8E2D}.Debug|Any CPU.Build.0 = Debug|Any CPU
		{06FB4E56-1821-4B09-B0C0-B6F2977B8E2D}.Debug|ARM.ActiveCfg = Debug|Any CPU
		{06FB4E56-1821-4B09-B0C0-B6F2977B8E2D}.Debug|ARM.Build.0 = Debug|Any CPU
		{06FB4E56-1821-4B09-B0C0-B6F2977B8E2D}.Debug|iPhone.ActiveCfg = Debug|Any CPU
		{06FB4E56-1821-4B09-B0C0-B6F2977B8E2D}.Debug|iPhone.Build.0 = Debug|Any CPU
		{06FB4E56-1821-4B09-B0C0-B6F2977B8E2D}.Debug|iPhoneSimulator.ActiveCfg = Debug|Any CPU
		{06FB4E56-1821-4B09-B0C0-B6F2977B8E2D}.Debug|iPhoneSimulator.Build.0 = Debug|Any CPU
		{06FB4E56-1821-4B09-B0C0-B6F2977B8E2D}.Debug|x64.ActiveCfg = Debug|Any CPU
		{06FB4E56-1821-4B09-B0C0-B6F2977B8E2D}.Debug|x64.Build.0 = Debug|Any CPU
		{06FB4E56-1821-4B09-B0C0-B6F2977B8E2D}.Debug|x86.ActiveCfg = Debug|Any CPU
		{06FB4E56-1821-4B09-B0C0-B6F2977B8E2D}.Debug|x86.Build.0 = Debug|Any CPU
		{06FB4E56-1821-4B09-B0C0-B6F2977B8E2D}.Release|Any CPU.ActiveCfg = Release|Any CPU
		{06FB4E56-1821-4B09-B0C0-B6F2977B8E2D}.Release|Any CPU.Build.0 = Release|Any CPU
		{06FB4E56-1821-4B09-B0C0-B6F2977B8E2D}.Release|ARM.ActiveCfg = Release|Any CPU
		{06FB4E56-1821-4B09-B0C0-B6F2977B8E2D}.Release|ARM.Build.0 = Release|Any CPU
		{06FB4E56-1821-4B09-B0C0-B6F2977B8E2D}.Release|iPhone.ActiveCfg = Release|Any CPU
		{06FB4E56-1821-4B09-B0C0-B6F2977B8E2D}.Release|iPhone.Build.0 = Release|Any CPU
		{06FB4E56-1821-4B09-B0C0-B6F2977B8E2D}.Release|iPhoneSimulator.ActiveCfg = Release|Any CPU
		{06FB4E56-1821-4B09-B0C0-B6F2977B8E2D}.Release|iPhoneSimulator.Build.0 = Release|Any CPU
		{06FB4E56-1821-4B09-B0C0-B6F2977B8E2D}.Release|x64.ActiveCfg = Release|Any CPU
		{06FB4E56-1821-4B09-B0C0-B6F2977B8E2D}.Release|x64.Build.0 = Release|Any CPU
		{06FB4E56-1821-4B09-B0C0-B6F2977B8E2D}.Release|x86.ActiveCfg = Release|Any CPU
		{06FB4E56-1821-4B09-B0C0-B6F2977B8E2D}.Release|x86.Build.0 = Release|Any CPU
	EndGlobalSection
	GlobalSection(SolutionProperties) = preSolution
		HideSolutionNode = FALSE
	EndGlobalSection
EndGlobal
